# This file is automatically @generated by Cargo.
version = 3

[[package]]
name = "candle-core"
version = "0.6.0"
source = "registry+https://github.com/rust-lang/crates.io-index"
checksum = "2b2b2b2b2b2b2b2b2b2b2b2b2b2b2b2b2b2b2b2b2b2b2b2b2b2b2b2b2b2b2b2b"

[[package]]
name = "locked-ai-app"
version = "0.1.0"
