# This file is automatically @generated by Poetry and should not be changed by hand.

[[package]]
name = "transformers"
version = "4.41.2"
description = "State-of-the-art Machine Learning for JAX, PyTorch and TensorFlow"
optional = false
python-versions = ">=3.8.0"
files = [
    {file = "transformers-4.41.2-py3-none-any.whl", hash = "sha256:6c1d0bc1a9b3b5b3b3b3b3b3b3b3b3b3b3b3b3b3b3b3b3b3b3b3b3b3b3b3b3b3"},
    {file = "transformers-4.41.2.tar.gz", hash = "sha256:0d0c0d0c0d0c0d0c0d0c0d0c0d0c0d0c0d0c0d0c0d0c0d0c0d0c0d0c0d0c0d0c"},
]

[[package]]
name = "tokenizers"
version = "0.19.1"
description = "Fast tokenizers"
optional = false
python-versions = ">=3.7"
files = [
    {file = "tokenizers-0.19.1-py3-none-any.whl", hash = "sha256:1a1a1a1a1a1a1a1a1a1a1a1a1a1a1a1a1a1a1a1a1a1a1a1a1a1a1a1a1a1a1a1a"},
]
